Microsoft Visual Studio Solution File, Format Version 12.00
# Visual Studio Version 17
VisualStudioVersion = 17.5.2.0
MinimumVisualStudioVersion = 10.0.40219.1
Project("{FAE04EC0-301F-11D3-BF4B-00C04F79EFBC}") = "PlayerAuthServer.Tests", "PlayerAuthServer.Tests\PlayerAuthServer.Tests.csproj", "{245D220A-55D7-4D09-9C1B-14C9C82AB42C}"
EndProject
Project("{FAE04EC0-301F-11D3-BF4B-00C04F79EFBC}") = "PlayerAuthServer", "PlayerAuthServer\PlayerAuthServer.csproj", "{2B87E2E1-0608-4407-932D-D8CF9D71F3D1}"
EndProject
Global
	GlobalSection(SolutionConfigurationPlatforms) = preSolution
		Debug|Any CPU = Debug|Any CPU
		Release|Any CPU = Release|Any CPU
	EndGlobalSection
	GlobalSection(ProjectConfigurationPlatforms) = postSolution
		{9720868B-6C53-25CD-8EF9-888BDD5D5E8A}.Debug|Any CPU.ActiveCfg = Debug|Any CPU
		{9720868B-6C53-25CD-8EF9-888BDD5D5E8A}.Debug|Any CPU.Build.0 = Debug|Any CPU
		{9720868B-6C53-25CD-8EF9-888BDD5D5E8A}.Release|Any CPU.ActiveCfg = Release|Any CPU
		{9720868B-6C53-25CD-8EF9-888BDD5D5E8A}.Release|Any CPU.Build.0 = Release|Any CPU
		{245D220A-55D7-4D09-9C1B-14C9C82AB42C}.Debug|Any CPU.ActiveCfg = Debug|Any CPU
		{245D220A-55D7-4D09-9C1B-14C9C82AB42C}.Debug|Any CPU.Build.0 = Debug|Any CPU
		{245D220A-55D7-4D09-9C1B-14C9C82AB42C}.Release|Any CPU.ActiveCfg = Release|Any CPU
		{245D220A-55D7-4D09-9C1B-14C9C82AB42C}.Release|Any CPU.Build.0 = Release|Any CPU
		{2B87E2E1-0608-4407-932D-D8CF9D71F3D1}.Debug|Any CPU.ActiveCfg = Debug|Any CPU
		{2B87E2E1-0608-4407-932D-D8CF9D71F3D1}.Debug|Any CPU.Build.0 = Debug|Any CPU
		{2B87E2E1-0608-4407-932D-D8CF9D71F3D1}.Release|Any CPU.ActiveCfg = Release|Any CPU
		{2B87E2E1-0608-4407-932D-D8CF9D71F3D1}.Release|Any CPU.Build.0 = Release|Any CPU
	EndGlobalSection
	GlobalSection(SolutionProperties) = preSolution
		HideSolutionNode = FALSE
	EndGlobalSection
	GlobalSection(ExtensibilityGlobals) = postSolution
		SolutionGuid = {C2058EB7-9E0E-4870-80B5-61E929C3A592}
	EndGlobalSection
EndGlobal
